// !$*UTF8*$!
{
	archiveVersion = 1;
	classes = {
	};
	objectVersion = 56;
	objects = {

/* Begin PBXBuildFile section */
		AB9E80B22971D17300563426 /* AppDelegate.swift in Sources */ = {isa = PBXBuildFile; fileRef = AB9E80B12971D17300563426 /* AppDelegate.swift */; };
		AB9E80B42971D17300563426 /* SceneDelegate.swift in Sources */ = {isa = PBXBuildFile; fileRef = AB9E80B32971D17300563426 /* SceneDelegate.swift */; };
		AB9E80BB2971D17400563426 /* Assets.xcassets in Resources */ = {isa = PBXBuildFile; fileRef = AB9E80BA2971D17400563426 /* Assets.xcassets */; };
		AB9E80BE2971D17400563426 /* LaunchScreen.storyboard in Resources */ = {isa = PBXBuildFile; fileRef = AB9E80BC2971D17400563426 /* LaunchScreen.storyboard */; };
		AB9E80C62971D55600563426 /* SearchVC.swift in Sources */ = {isa = PBXBuildFile; fileRef = AB9E80C52971D55600563426 /* SearchVC.swift */; };
		AB9E80C82971D58500563426 /* FavoritesListVC.swift in Sources */ = {isa = PBXBuildFile; fileRef = AB9E80C72971D58500563426 /* FavoritesListVC.swift */; };
		AB9E80CA2971E13600563426 /* GFButton.swift in Sources */ = {isa = PBXBuildFile; fileRef = AB9E80C92971E13600563426 /* GFButton.swift */; };
		AB9E80CC2971E43000563426 /* GFTextField.swift in Sources */ = {isa = PBXBuildFile; fileRef = AB9E80CB2971E43000563426 /* GFTextField.swift */; };
		ABFF4E0F29721BBC002F060D /* FollowerListVC.swift in Sources */ = {isa = PBXBuildFile; fileRef = ABFF4E0E29721BBC002F060D /* FollowerListVC.swift */; };
		ABFF4E112972C62E002F060D /* GFTitleLabel.swift in Sources */ = {isa = PBXBuildFile; fileRef = ABFF4E102972C62E002F060D /* GFTitleLabel.swift */; };
		ABFF4E132972C785002F060D /* GFBodyLabel.swift in Sources */ = {isa = PBXBuildFile; fileRef = ABFF4E122972C785002F060D /* GFBodyLabel.swift */; };
		ABFF4E152972C83F002F060D /* GFAlertVC.swift in Sources */ = {isa = PBXBuildFile; fileRef = ABFF4E142972C83F002F060D /* GFAlertVC.swift */; };
		ABFF4E172972C9C8002F060D /* GFContainerView.swift in Sources */ = {isa = PBXBuildFile; fileRef = ABFF4E162972C9C8002F060D /* GFContainerView.swift */; };
		ABFF4E192972CE96002F060D /* UIViewController+Ext.swift in Sources */ = {isa = PBXBuildFile; fileRef = ABFF4E182972CE96002F060D /* UIViewController+Ext.swift */; };
/* End PBXBuildFile section */

/* Begin PBXFileReference section */
		AB9E80AE2971D17300563426 /* CHFollowers.app */ = {isa = PBXFileReference; explicitFileType = wrapper.application; includeInIndex = 0; path = CHFollowers.app; sourceTree = BUILT_PRODUCTS_DIR; };
		AB9E80B12971D17300563426 /* AppDelegate.swift */ = {isa = PBXFileReference; lastKnownFileType = sourcecode.swift; path = AppDelegate.swift; sourceTree = "<group>"; };
		AB9E80B32971D17300563426 /* SceneDelegate.swift */ = {isa = PBXFileReference; lastKnownFileType = sourcecode.swift; path = SceneDelegate.swift; sourceTree = "<group>"; };
		AB9E80BA2971D17400563426 /* Assets.xcassets */ = {isa = PBXFileReference; lastKnownFileType = folder.assetcatalog; path = Assets.xcassets; sourceTree = "<group>"; };
		AB9E80BD2971D17400563426 /* Base */ = {isa = PBXFileReference; lastKnownFileType = file.storyboard; name = Base; path = Base.lproj/LaunchScreen.storyboard; sourceTree = "<group>"; };
		AB9E80BF2971D17400563426 /* Info.plist */ = {isa = PBXFileReference; lastKnownFileType = text.plist.xml; path = Info.plist; sourceTree = "<group>"; };
		AB9E80C52971D55600563426 /* SearchVC.swift */ = {isa = PBXFileReference; lastKnownFileType = sourcecode.swift; path = SearchVC.swift; sourceTree = "<group>"; };
		AB9E80C72971D58500563426 /* FavoritesListVC.swift */ = {isa = PBXFileReference; lastKnownFileType = sourcecode.swift; path = FavoritesListVC.swift; sourceTree = "<group>"; };
		AB9E80C92971E13600563426 /* GFButton.swift */ = {isa = PBXFileReference; lastKnownFileType = sourcecode.swift; path = GFButton.swift; sourceTree = "<group>"; };
		AB9E80CB2971E43000563426 /* GFTextField.swift */ = {isa = PBXFileReference; lastKnownFileType = sourcecode.swift; path = GFTextField.swift; sourceTree = "<group>"; };
		ABFF4E0E29721BBC002F060D /* FollowerListVC.swift */ = {isa = PBXFileReference; lastKnownFileType = sourcecode.swift; path = FollowerListVC.swift; sourceTree = "<group>"; };
		ABFF4E102972C62E002F060D /* GFTitleLabel.swift */ = {isa = PBXFileReference; lastKnownFileType = sourcecode.swift; path = GFTitleLabel.swift; sourceTree = "<group>"; };
		ABFF4E122972C785002F060D /* GFBodyLabel.swift */ = {isa = PBXFileReference; lastKnownFileType = sourcecode.swift; path = GFBodyLabel.swift; sourceTree = "<group>"; };
		ABFF4E142972C83F002F060D /* GFAlertVC.swift */ = {isa = PBXFileReference; lastKnownFileType = sourcecode.swift; path = GFAlertVC.swift; sourceTree = "<group>"; };
		ABFF4E162972C9C8002F060D /* GFContainerView.swift */ = {isa = PBXFileReference; lastKnownFileType = sourcecode.swift; path = GFContainerView.swift; sourceTree = "<group>"; };
		ABFF4E182972CE96002F060D /* UIViewController+Ext.swift */ = {isa = PBXFileReference; lastKnownFileType = sourcecode.swift; path = "UIViewController+Ext.swift"; sourceTree = "<group>"; };
/* End PBXFileReference section */

/* Begin PBXFrameworksBuildPhase section */
		AB9E80AB2971D17300563426 /* Frameworks */ = {
			isa = PBXFrameworksBuildPhase;
			buildActionMask = 2147483647;
			files = (
			);
			runOnlyForDeploymentPostprocessing = 0;
		};
/* End PBXFrameworksBuildPhase section */

/* Begin PBXGroup section */
		AB9E80A52971D17300563426 = {
			isa = PBXGroup;
			children = (
				AB9E80B02971D17300563426 /* CHFollowers */,
				AB9E80AF2971D17300563426 /* Products */,
			);
			sourceTree = "<group>";
		};
		AB9E80AF2971D17300563426 /* Products */ = {
			isa = PBXGroup;
			children = (
				AB9E80AE2971D17300563426 /* CHFollowers.app */,
			);
			name = Products;
			sourceTree = "<group>";
		};
		AB9E80B02971D17300563426 /* CHFollowers */ = {
			isa = PBXGroup;
			children = (
				ABFF4E1C2972D86A002F060D /* Extensions */,
				ABFF4E1B2972D843002F060D /* Custom Views */,
				ABFF4E1A2972D806002F060D /* Screens */,
				ABFF4E1D2972D8DF002F060D /* Support */,
			);
			path = CHFollowers;
			sourceTree = "<group>";
		};
		ABFF4E1A2972D806002F060D /* Screens */ = {
			isa = PBXGroup;
			children = (
				AB9E80C52971D55600563426 /* SearchVC.swift */,
				AB9E80C72971D58500563426 /* FavoritesListVC.swift */,
				ABFF4E0E29721BBC002F060D /* FollowerListVC.swift */,
			);
			path = Screens;
			sourceTree = "<group>";
		};
		ABFF4E1B2972D843002F060D /* Custom Views */ = {
			isa = PBXGroup;
			children = (
				AB9E80CB2971E43000563426 /* GFTextField.swift */,
				ABFF4E102972C62E002F060D /* GFTitleLabel.swift */,
				ABFF4E122972C785002F060D /* GFBodyLabel.swift */,
				ABFF4E162972C9C8002F060D /* GFContainerView.swift */,
				AB9E80C92971E13600563426 /* GFButton.swift */,
				ABFF4E142972C83F002F060D /* GFAlertVC.swift */,
			);
			path = "Custom Views";
			sourceTree = "<group>";
		};
		ABFF4E1C2972D86A002F060D /* Extensions */ = {
			isa = PBXGroup;
			children = (
				ABFF4E182972CE96002F060D /* UIViewController+Ext.swift */,
			);
			path = Extensions;
			sourceTree = "<group>";
		};
		ABFF4E1D2972D8DF002F060D /* Support */ = {
			isa = PBXGroup;
			children = (
				AB9E80B12971D17300563426 /* AppDelegate.swift */,
				AB9E80B32971D17300563426 /* SceneDelegate.swift */,
				AB9E80BA2971D17400563426 /* Assets.xcassets */,
				AB9E80BC2971D17400563426 /* LaunchScreen.storyboard */,
				AB9E80BF2971D17400563426 /* Info.plist */,
			);
			path = Support;
			sourceTree = "<group>";
		};
/* End PBXGroup section */

/* Begin PBXNativeTarget section */
		AB9E80AD2971D17300563426 /* CHFollowers */ = {
			isa = PBXNativeTarget;
			buildConfigurationList = AB9E80C22971D17400563426 /* Build configuration list for PBXNativeTarget "CHFollowers" */;
			buildPhases = (
				AB9E80AA2971D17300563426 /* Sources */,
				AB9E80AB2971D17300563426 /* Frameworks */,
				AB9E80AC2971D17300563426 /* Resources */,
			);
			buildRules = (
			);
			dependencies = (
			);
			name = CHFollowers;
			productName = CHFollowers;
			productReference = AB9E80AE2971D17300563426 /* CHFollowers.app */;
			productType = "com.apple.product-type.application";
		};
/* End PBXNativeTarget section */

/* Begin PBXProject section */
		AB9E80A62971D17300563426 /* Project object */ = {
			isa = PBXProject;
			attributes = {
				BuildIndependentTargetsInParallel = 1;
				LastSwiftUpdateCheck = 1420;
				LastUpgradeCheck = 1420;
				TargetAttributes = {
					AB9E80AD2971D17300563426 = {
						CreatedOnToolsVersion = 14.2;
					};
				};
			};
			buildConfigurationList = AB9E80A92971D17300563426 /* Build configuration list for PBXProject "CHFollowers" */;
			compatibilityVersion = "Xcode 14.0";
			developmentRegion = en;
			hasScannedForEncodings = 0;
			knownRegions = (
				en,
				Base,
			);
			mainGroup = AB9E80A52971D17300563426;
			productRefGroup = AB9E80AF2971D17300563426 /* Products */;
			projectDirPath = "";
			projectRoot = "";
			targets = (
				AB9E80AD2971D17300563426 /* CHFollowers */,
			);
		};
/* End PBXProject section */

/* Begin PBXResourcesBuildPhase section */
		AB9E80AC2971D17300563426 /* Resources */ = {
			isa = PBXResourcesBuildPhase;
			buildActionMask = 2147483647;
			files = (
				AB9E80BE2971D17400563426 /* LaunchScreen.storyboard in Resources */,
				AB9E80BB2971D17400563426 /* Assets.xcassets in Resources */,
			);
			runOnlyForDeploymentPostprocessing = 0;
		};
/* End PBXResourcesBuildPhase section */

/* Begin PBXSourcesBuildPhase section */
		AB9E80AA2971D17300563426 /* Sources */ = {
			isa = PBXSourcesBuildPhase;
			buildActionMask = 2147483647;
			files = (
				AB9E80CC2971E43000563426 /* GFTextField.swift in Sources */,
				AB9E80C82971D58500563426 /* FavoritesListVC.swift in Sources */,
				ABFF4E192972CE96002F060D /* UIViewController+Ext.swift in Sources */,
				AB9E80CA2971E13600563426 /* GFButton.swift in Sources */,
				AB9E80C62971D55600563426 /* SearchVC.swift in Sources */,
				ABFF4E152972C83F002F060D /* GFAlertVC.swift in Sources */,
				ABFF4E132972C785002F060D /* GFBodyLabel.swift in Sources */,
				ABFF4E112972C62E002F060D /* GFTitleLabel.swift in Sources */,
				ABFF4E172972C9C8002F060D /* GFContainerView.swift in Sources */,
				ABFF4E0F29721BBC002F060D /* FollowerListVC.swift in Sources */,
				AB9E80B22971D17300563426 /* AppDelegate.swift in Sources */,
				AB9E80B42971D17300563426 /* SceneDelegate.swift in Sources */,
			);
			runOnlyForDeploymentPostprocessing = 0;
		};
/* End PBXSourcesBuildPhase section */

/* Begin PBXVariantGroup section */
		AB9E80BC2971D17400563426 /* LaunchScreen.storyboard */ = {
			isa = PBXVariantGroup;
			children = (
				AB9E80BD2971D17400563426 /* Base */,
			);
			name = LaunchScreen.storyboard;
			sourceTree = "<group>";
		};
/* End PBXVariantGroup section */

/* Begin XCBuildConfiguration section */
		AB9E80C02971D17400563426 /* Debug */ = {
			isa = XCBuildConfiguration;
			buildSettings = {
				ALWAYS_SEARCH_USER_PATHS = NO;
				CLANG_ANALYZER_NONNULL = YES;
				CLANG_ANALYZER_NUMBER_OBJECT_CONVERSION = YES_AGGRESSIVE;
				CLANG_CXX_LANGUAGE_STANDARD = "gnu++20";
				CLANG_ENABLE_MODULES = YES;
				CLANG_ENABLE_OBJC_ARC = YES;
				CLANG_ENABLE_OBJC_WEAK = YES;
				CLANG_WARN_BLOCK_CAPTURE_AUTORELEASING = YES;
				CLANG_WARN_BOOL_CONVERSION = YES;
				CLANG_WARN_COMMA = YES;
				CLANG_WARN_CONSTANT_CONVERSION = YES;
				CLANG_WARN_DEPRECATED_OBJC_IMPLEMENTATIONS = YES;
				CLANG_WARN_DIRECT_OBJC_ISA_USAGE = YES_ERROR;
				CLANG_WARN_DOCUMENTATION_COMMENTS = YES;
				CLANG_WARN_EMPTY_BODY = YES;
				CLANG_WARN_ENUM_CONVERSION = YES;
				CLANG_WARN_INFINITE_RECURSION = YES;
				CLANG_WARN_INT_CONVERSION = YES;
				CLANG_WARN_NON_LITERAL_NULL_CONVERSION = YES;
				CLANG_WARN_OBJC_IMPLICIT_RETAIN_SELF = YES;
				CLANG_WARN_OBJC_LITERAL_CONVERSION = YES;
				CLANG_WARN_OBJC_ROOT_CLASS = YES_ERROR;
				CLANG_WARN_QUOTED_INCLUDE_IN_FRAMEWORK_HEADER = YES;
				CLANG_WARN_RANGE_LOOP_ANALYSIS = YES;
				CLANG_WARN_STRICT_PROTOTYPES = YES;
				CLANG_WARN_SUSPICIOUS_MOVE = YES;
				CLANG_WARN_UNGUARDED_AVAILABILITY = YES_AGGRESSIVE;
				CLANG_WARN_UNREACHABLE_CODE = YES;
				CLANG_WARN__DUPLICATE_METHOD_MATCH = YES;
				COPY_PHASE_STRIP = NO;
				DEBUG_INFORMATION_FORMAT = dwarf;
				ENABLE_STRICT_OBJC_MSGSEND = YES;
				ENABLE_TESTABILITY = YES;
				GCC_C_LANGUAGE_STANDARD = gnu11;
				GCC_DYNAMIC_NO_PIC = NO;
				GCC_NO_COMMON_BLOCKS = YES;
				GCC_OPTIMIZATION_LEVEL = 0;
				GCC_PREPROCESSOR_DEFINITIONS = (
					"DEBUG=1",
					"$(inherited)",
				);
				GCC_WARN_64_TO_32_BIT_CONVERSION = YES;
				GCC_WARN_ABOUT_RETURN_TYPE = YES_ERROR;
				GCC_WARN_UNDECLARED_SELECTOR = YES;
				GCC_WARN_UNINITIALIZED_AUTOS = YES_AGGRESSIVE;
				GCC_WARN_UNUSED_FUNCTION = YES;
				GCC_WARN_UNUSED_VARIABLE = YES;
				IPHONEOS_DEPLOYMENT_TARGET = 16.2;
				MTL_ENABLE_DEBUG_INFO = INCLUDE_SOURCE;
				MTL_FAST_MATH = YES;
				ONLY_ACTIVE_ARCH = YES;
				SDKROOT = iphoneos;
				SWIFT_ACTIVE_COMPILATION_CONDITIONS = DEBUG;
				SWIFT_OPTIMIZATION_LEVEL = "-Onone";
			};
			name = Debug;
		};
		AB9E80C12971D17400563426 /* Release */ = {
			isa = XCBuildConfiguration;
			buildSettings = {
				ALWAYS_SEARCH_USER_PATHS = NO;
				CLANG_ANALYZER_NONNULL = YES;
				CLANG_ANALYZER_NUMBER_OBJECT_CONVERSION = YES_AGGRESSIVE;
				CLANG_CXX_LANGUAGE_STANDARD = "gnu++20";
				CLANG_ENABLE_MODULES = YES;
				CLANG_ENABLE_OBJC_ARC = YES;
				CLANG_ENABLE_OBJC_WEAK = YES;
				CLANG_WARN_BLOCK_CAPTURE_AUTORELEASING = YES;
				CLANG_WARN_BOOL_CONVERSION = YES;
				CLANG_WARN_COMMA = YES;
				CLANG_WARN_CONSTANT_CONVERSION = YES;
				CLANG_WARN_DEPRECATED_OBJC_IMPLEMENTATIONS = YES;
				CLANG_WARN_DIRECT_OBJC_ISA_USAGE = YES_ERROR;
				CLANG_WARN_DOCUMENTATION_COMMENTS = YES;
				CLANG_WARN_EMPTY_BODY = YES;
				CLANG_WARN_ENUM_CONVERSION = YES;
				CLANG_WARN_INFINITE_RECURSION = YES;
				CLANG_WARN_INT_CONVERSION = YES;
				CLANG_WARN_NON_LITERAL_NULL_CONVERSION = YES;
				CLANG_WARN_OBJC_IMPLICIT_RETAIN_SELF = YES;
				CLANG_WARN_OBJC_LITERAL_CONVERSION = YES;
				CLANG_WARN_OBJC_ROOT_CLASS = YES_ERROR;
				CLANG_WARN_QUOTED_INCLUDE_IN_FRAMEWORK_HEADER = YES;
				CLANG_WARN_RANGE_LOOP_ANALYSIS = YES;
				CLANG_WARN_STRICT_PROTOTYPES = YES;
				CLANG_WARN_SUSPICIOUS_MOVE = YES;
				CLANG_WARN_UNGUARDED_AVAILABILITY = YES_AGGRESSIVE;
				CLANG_WARN_UNREACHABLE_CODE = YES;
				CLANG_WARN__DUPLICATE_METHOD_MATCH = YES;
				COPY_PHASE_STRIP = NO;
				DEBUG_INFORMATION_FORMAT = "dwarf-with-dsym";
				ENABLE_NS_ASSERTIONS = NO;
				ENABLE_STRICT_OBJC_MSGSEND = YES;
				GCC_C_LANGUAGE_STANDARD = gnu11;
				GCC_NO_COMMON_BLOCKS = YES;
				GCC_WARN_64_TO_32_BIT_CONVERSION = YES;
				GCC_WARN_ABOUT_RETURN_TYPE = YES_ERROR;
				GCC_WARN_UNDECLARED_SELECTOR = YES;
				GCC_WARN_UNINITIALIZED_AUTOS = YES_AGGRESSIVE;
				GCC_WARN_UNUSED_FUNCTION = YES;
				GCC_WARN_UNUSED_VARIABLE = YES;
				IPHONEOS_DEPLOYMENT_TARGET = 16.2;
				MTL_ENABLE_DEBUG_INFO = NO;
				MTL_FAST_MATH = YES;
				SDKROOT = iphoneos;
				SWIFT_COMPILATION_MODE = wholemodule;
				SWIFT_OPTIMIZATION_LEVEL = "-O";
				VALIDATE_PRODUCT = YES;
			};
			name = Release;
		};
		AB9E80C32971D17400563426 /* Debug */ = {
			isa = XCBuildConfiguration;
			buildSettings = {
				ASSETCATALOG_COMPILER_APPICON_NAME = AppIcon;
				ASSETCATALOG_COMPILER_GLOBAL_ACCENT_COLOR_NAME = AccentColor;
				CODE_SIGN_STYLE = Automatic;
				CURRENT_PROJECT_VERSION = 1;
				DEVELOPMENT_TEAM = V544T4J767;
				GENERATE_INFOPLIST_FILE = YES;
				INFOPLIST_FILE = CHFollowers/Info.plist;
				INFOPLIST_KEY_UIApplicationSupportsIndirectInputEvents = YES;
				INFOPLIST_KEY_UILaunchStoryboardName = LaunchScreen;
				INFOPLIST_KEY_UISupportedInterfaceOrientations = UIInterfaceOrientationPortrait;
				INFOPLIST_KEY_UISupportedInterfaceOrientations_iPad = "UIInterfaceOrientationLandscapeLeft UIInterfaceOrientationLandscapeRight UIInterfaceOrientationPortrait UIInterfaceOrientationPortraitUpsideDown";
				LD_RUNPATH_SEARCH_PATHS = (
					"$(inherited)",
					"@executable_path/Frameworks",
				);
				MARKETING_VERSION = 1.0;
				PRODUCT_BUNDLE_IDENTIFIER = AK.CHFollowers;
				PRODUCT_NAME = "$(TARGET_NAME)";
				SUPPORTED_PLATFORMS = "iphoneos iphonesimulator";
				SUPPORTS_MACCATALYST = NO;
				SUPPORTS_MAC_DESIGNED_FOR_IPHONE_IPAD = NO;
				SWIFT_EMIT_LOC_STRINGS = YES;
				SWIFT_VERSION = 5.0;
				TARGETED_DEVICE_FAMILY = 1;
			};
			name = Debug;
		};
		AB9E80C42971D17400563426 /* Release */ = {
			isa = XCBuildConfiguration;
			buildSettings = {
				ASSETCATALOG_COMPILER_APPICON_NAME = AppIcon;
				ASSETCATALOG_COMPILER_GLOBAL_ACCENT_COLOR_NAME = AccentColor;
				CODE_SIGN_STYLE = Automatic;
				CURRENT_PROJECT_VERSION = 1;
				DEVELOPMENT_TEAM = V544T4J767;
				GENERATE_INFOPLIST_FILE = YES;
				INFOPLIST_FILE = CHFollowers/Info.plist;
				INFOPLIST_KEY_UIApplicationSupportsIndirectInputEvents = YES;
				INFOPLIST_KEY_UILaunchStoryboardName = LaunchScreen;
				INFOPLIST_KEY_UISupportedInterfaceOrientations = UIInterfaceOrientationPortrait;
				INFOPLIST_KEY_UISupportedInterfaceOrientations_iPad = "UIInterfaceOrientationLandscapeLeft UIInterfaceOrientationLandscapeRight UIInterfaceOrientationPortrait UIInterfaceOrientationPortraitUpsideDown";
				LD_RUNPATH_SEARCH_PATHS = (
					"$(inherited)",
					"@executable_path/Frameworks",
				);
				MARKETING_VERSION = 1.0;
				PRODUCT_BUNDLE_IDENTIFIER = AK.CHFollowers;
				PRODUCT_NAME = "$(TARGET_NAME)";
				SUPPORTED_PLATFORMS = "iphoneos iphonesimulator";
				SUPPORTS_MACCATALYST = NO;
				SUPPORTS_MAC_DESIGNED_FOR_IPHONE_IPAD = NO;
				SWIFT_EMIT_LOC_STRINGS = YES;
				SWIFT_VERSION = 5.0;
				TARGETED_DEVICE_FAMILY = 1;
			};
			name = Release;
		};
/* End XCBuildConfiguration section */

/* Begin XCConfigurationList section */
		AB9E80A92971D17300563426 /* Build configuration list for PBXProject "CHFollowers" */ = {
			isa = XCConfigurationList;
			buildConfigurations = (
				AB9E80C02971D17400563426 /* Debug */,
				AB9E80C12971D17400563426 /* Release */,
			);
			defaultConfigurationIsVisible = 0;
			defaultConfigurationName = Release;
		};
		AB9E80C22971D17400563426 /* Build configuration list for PBXNativeTarget "CHFollowers" */ = {
			isa = XCConfigurationList;
			buildConfigurations = (
				AB9E80C32971D17400563426 /* Debug */,
				AB9E80C42971D17400563426 /* Release */,
			);
			defaultConfigurationIsVisible = 0;
			defaultConfigurationName = Release;
		};
/* End XCConfigurationList section */
	};
	rootObject = AB9E80A62971D17300563426 /* Project object */;
}
